
Microsoft Visual Studio Solution File, Format Version 12.00
Project("{FAE04EC0-301F-11D3-BF4B-00C04F79EFBC}") = "Jacquet_Valet_App", "Jacquet_Valet_App\Jacquet_Valet_App.csproj", "{CC31E922-2409-4DD5-89E9-BC51ED22AEFD}"
EndProject
Global
	GlobalSection(SolutionConfigurationPlatforms) = preSolution
		Debug|Any CPU = Debug|Any CPU
		Release|Any CPU = Release|Any CPU
	EndGlobalSection
	GlobalSection(ProjectConfigurationPlatforms) = postSolution
		{CC31E922-2409-4DD5-89E9-BC51ED22AEFD}.Debug|Any CPU.ActiveCfg = Debug|Any CPU
		{CC31E922-2409-4DD5-89E9-BC51ED22AEFD}.Debug|Any CPU.Build.0 = Debug|Any CPU
		{CC31E922-2409-4DD5-89E9-BC51ED22AEFD}.Release|Any CPU.ActiveCfg = Release|Any CPU
		{CC31E922-2409-4DD5-89E9-BC51ED22AEFD}.Release|Any CPU.Build.0 = Release|Any CPU
	EndGlobalSection
EndGlobal
